
Microsoft Visual Studio Solution File, Format Version 12.00
# Visual Studio Version 16
VisualStudioVersion = 16.0.31321.278
MinimumVisualStudioVersion = 10.0.40219.1
Project("{FAE04EC0-301F-11D3-BF4B-00C04F79EFBC}") = "пар4", "пар4\пар4.csproj", "{E8B497F8-EA52-46C8-9539-A6B373141AD8}"
EndProject
Global
	GlobalSection(SolutionConfigurationPlatforms) = preSolution
		Debug|Any CPU = Debug|Any CPU
		Release|Any CPU = Release|Any CPU
	EndGlobalSection
	GlobalSection(ProjectConfigurationPlatforms) = postSolution
		{E8B497F8-EA52-46C8-9539-A6B373141AD8}.Debug|Any CPU.ActiveCfg = Debug|Any CPU
		{E8B497F8-EA52-46C8-9539-A6B373141AD8}.Debug|Any CPU.Build.0 = Debug|Any CPU
		{E8B497F8-EA52-46C8-9539-A6B373141AD8}.Release|Any CPU.ActiveCfg = Release|Any CPU
		{E8B497F8-EA52-46C8-9539-A6B373141AD8}.Release|Any CPU.Build.0 = Release|Any CPU
	EndGlobalSection
	GlobalSection(SolutionProperties) = preSolution
		HideSolutionNode = FALSE
	EndGlobalSection
	GlobalSection(ExtensibilityGlobals) = postSolution
		SolutionGuid = {69F0CD58-7E41-4481-9395-D2B9DA32873C}
	EndGlobalSection
EndGlobal
